PODS:
  - AgentSwift (0.1.0)
  - GenerativeUI (0.1.1)

DEPENDENCIES:
  - AgentSwift
  - GenerativeUI (from `../`)

SPEC REPOS:
  trunk:
    - AgentSwift

EXTERNAL SOURCES:
  GenerativeUI:
    :path: "../"

SPEC CHECKSUMS:
  AgentSwift: ac692013cb1c1570c4176cbba558be2401fe6f56
  GenerativeUI: cc100690de4f3d867da230ccf85f72efd472c0da

PODFILE CHECKSUM: 63f793a431f061c74af868f5b45c4c89e8c19378

COCOAPODS: 1.16.2
